
Microsoft Visual Studio Solution File, Format Version 12.00
# Visual Studio 14
VisualStudioVersion = 14.0.25420.1
MinimumVisualStudioVersion = 10.0.40219.1
Project("{FAE04EC0-301F-11D3-BF4B-00C04F79EFBC}") = "Biometric Attendance System", "Patient Observations System\Biometric Attendance System.csproj", "{5CC354FB-B803-45A3-9C40-B63F473978E1}"
EndProject
Project("{54435603-DBB4-11D2-8724-00A0C9A8B90C}") = "posm", "posm\posm.vdproj", "{A94FBAD9-7755-454E-8054-238B0FA54713}"
EndProject
Global
	GlobalSection(SolutionConfigurationPlatforms) = preSolution
		Debug|Any CPU = Debug|Any CPU
		Release|Any CPU = Release|Any CPU
	EndGlobalSection
	GlobalSection(ProjectConfigurationPlatforms) = postSolution
		{5CC354FB-B803-45A3-9C40-B63F473978E1}.Debug|Any CPU.ActiveCfg = Debug|Any CPU
		{5CC354FB-B803-45A3-9C40-B63F473978E1}.Debug|Any CPU.Build.0 = Debug|Any CPU
		{5CC354FB-B803-45A3-9C40-B63F473978E1}.Release|Any CPU.ActiveCfg = Release|Any CPU
		{5CC354FB-B803-45A3-9C40-B63F473978E1}.Release|Any CPU.Build.0 = Release|Any CPU
		{A94FBAD9-7755-454E-8054-238B0FA54713}.Debug|Any CPU.ActiveCfg = Debug
		{A94FBAD9-7755-454E-8054-238B0FA54713}.Debug|Any CPU.Build.0 = Debug
		{A94FBAD9-7755-454E-8054-238B0FA54713}.Release|Any CPU.ActiveCfg = Release
	EndGlobalSection
	GlobalSection(SolutionProperties) = preSolution
		HideSolutionNode = FALSE
	EndGlobalSection
EndGlobal
